
Microsoft Visual Studio Solution File, Format Version 12.00
# Visual Studio Version 17
VisualStudioVersion = 17.8.34330.188
MinimumVisualStudioVersion = 10.0.40219.1
Project("{9A19103F-16F7-4668-BE54-9A1E7A4F7556}") = "CutTheRope", "CutTheRope.csproj", "{13671A14-9071-4FE3-A3A8-384893CF628D}"
EndProject
Global
	GlobalSection(SolutionConfigurationPlatforms) = preSolution
		Debug|Any CPU = Debug|Any CPU
		Release|Any CPU = Release|Any CPU
	EndGlobalSection
	GlobalSection(ProjectConfigurationPlatforms) = postSolution
		{13671A14-9071-4FE3-A3A8-384893CF628D}.Debug|Any CPU.ActiveCfg = Debug|Any CPU
		{13671A14-9071-4FE3-A3A8-384893CF628D}.Debug|Any CPU.Build.0 = Debug|Any CPU
		{13671A14-9071-4FE3-A3A8-384893CF628D}.Release|Any CPU.ActiveCfg = Release|Any CPU
		{13671A14-9071-4FE3-A3A8-384893CF628D}.Release|Any CPU.Build.0 = Release|Any CPU
	EndGlobalSection
	GlobalSection(SolutionProperties) = preSolution
		HideSolutionNode = FALSE
	EndGlobalSection
	GlobalSection(ExtensibilityGlobals) = postSolution
		SolutionGuid = {29EB58AD-8C9B-43D9-AEF3-1A61F3941D03}
	EndGlobalSection
EndGlobal
